<?xml version="1.0" encoding="UTF-8" standalone="yes" ?>
<CodeBlocks_project_file>
	<FileVersion major="1" minor="6" />
	<Project>
		<Option title="graph" />
		<Option pch_mode="2" />
		<Option compiler="gcc" />
		<Build>
			<Target title="Release">
				<Option output="bin/Release/graph" prefix_auto="1" extension_auto="1" />
				<Option object_output="obj/Release/" />
				<Option type="1" />
				<Option compiler="gcc" />
				<Linker>
					<Add option="-s" />
				</Linker>
			</Target>
			<Target title="Debug">
				<Option output="graphs" prefix_auto="1" extension_auto="1" />
				<Option object_output="obj/Debug/" />
				<Option type="1" />
				<Option compiler="gcc" />
				<Compiler>
					<Add option="-g" />
				</Compiler>
				<Linker>
					<Add option="-g" />
				</Linker>
			</Target>
		</Build>
		<Compiler>
			<Add option="-Wall" />
			<Add option="-fexceptions" />
		</Compiler>
		<Unit filename="articulation_point.h" />
		<Unit filename="bellman_ford.h" />
		<Unit filename="breadth_search.h" />
		<Unit filename="depth_search.h" />
		<Unit filename="dijkstra.h" />
		<Unit filename="euler_tour.h" />
		<Unit filename="floyd_warshall.h" />
		<Unit filename="graph_concepts.h" />
		<Unit filename="graph_connectivity.h" />
		<Unit filename="graph_generator.cpp" />
		<Unit filename="graph_generator.h" />
		<Unit filename="graph_traits.h" />
		<Unit filename="graph_utility.h" />
		<Unit filename="leetcode_graph_problem/solutions.cpp" />
		<Unit filename="leetcode_graph_problem/test.h" />
		<Unit filename="main.cpp" />
		<Unit filename="matching/backtracking_solver.cpp" />
		<Unit filename="matching/matching.cpp" />
		<Unit filename="matching/matching.h" />
		<Unit filename="matching/test.cpp" />
		<Unit filename="matching/test.h" />
		<Unit filename="max_flow.h" />
		<Unit filename="min_cost_flow.h" />
		<Unit filename="min_spanning_tree.h" />
		<Unit filename="node_property.h" />
		<Unit filename="priority_queue.h" />
		<Unit filename="priority_search.h" />
		<Unit filename="rand_utility.h" />
		<Unit filename="search_settings.h" />
		<Unit filename="test.cpp" />
		<Unit filename="test.h" />
		<Unit filename="test_suite.cpp" />
		<Unit filename="test_suite.h" />
		<Unit filename="tree_search.h" />
		<Unit filename="union_find.h" />
		<Extensions>
			<lib_finder disable_auto="1" />
			<code_completion />
			<envvars />
			<debugger />
		</Extensions>
	</Project>
</CodeBlocks_project_file>
